// !$*UTF8*$!
{
	archiveVersion = 1;
	classes = {
	};
	objectVersion = 46;
	objects = {

/* Begin PBXBuildFile section */
		21C8FD551E64910400BB65FF /* AppDelegate.swift in Sources */ = {isa = PBXBuildFile; fileRef = 21C8FD541E64910400BB65FF /* AppDelegate.swift */; };
		21C8FD571E64910400BB65FF /* ViewController.swift in Sources */ = {isa = PBXBuildFile; fileRef = 21C8FD561E64910400BB65FF /* ViewController.swift */; };
		21C8FD5A1E64910400BB65FF /* Main.storyboard in Resources */ = {isa = PBXBuildFile; fileRef = 21C8FD581E64910400BB65FF /* Main.storyboard */; };
		21C8FD5C1E64910400BB65FF /* Assets.xcassets in Resources */ = {isa = PBXBuildFile; fileRef = 21C8FD5B1E64910400BB65FF /* Assets.xcassets */; };
		21C8FD5F1E64910400BB65FF /* LaunchScreen.storyboard in Resources */ = {isa = PBXBuildFile; fileRef = 21C8FD5D1E64910400BB65FF /* LaunchScreen.storyboard */; };
		21C8FD6A1E64910400BB65FF /* NoMoHuffPoTests.swift in Sources */ = {isa = PBXBuildFile; fileRef = 21C8FD691E64910400BB65FF /* NoMoHuffPoTests.swift */; };
		21C8FD751E64910400BB65FF /* NoMoHuffPoUITests.swift in Sources */ = {isa = PBXBuildFile; fileRef = 21C8FD741E64910400BB65FF /* NoMoHuffPoUITests.swift */; };
		21C8FD891E64913A00BB65FF /* blockerList.json in Resources */ = {isa = PBXBuildFile; fileRef = 21C8FD881E64913A00BB65FF /* blockerList.json */; };
		21C8FD8B1E64913A00BB65FF /* ContentBlockerRequestHandler.swift in Sources */ = {isa = PBXBuildFile; fileRef = 21C8FD8A1E64913A00BB65FF /* ContentBlockerRequestHandler.swift */; };
		21C8FD8F1E64913A00BB65FF /* ContentBlocker.appex in Embed App Extensions */ = {isa = PBXBuildFile; fileRef = 21C8FD861E64913A00BB65FF /* ContentBlocker.appex */; settings = {ATTRIBUTES = (RemoveHeadersOnCopy, ); }; };
		21C8FD9B1E64C0DA00BB65FF /* Cocoa.framework in Frameworks */ = {isa = PBXBuildFile; fileRef = 21C8FD9A1E64C0DA00BB65FF /* Cocoa.framework */; };
		21C8FD9E1E64C0DA00BB65FF /* blockerList.json in Resources */ = {isa = PBXBuildFile; fileRef = 21C8FD9D1E64C0DA00BB65FF /* blockerList.json */; };
		21C8FDA21E64C0DA00BB65FF /* ContentBlockerRequestHandler.swift in Sources */ = {isa = PBXBuildFile; fileRef = 21C8FDA11E64C0DA00BB65FF /* ContentBlockerRequestHandler.swift */; };
/* End PBXBuildFile section */

/* Begin PBXContainerItemProxy section */
		21C8FD661E64910400BB65FF /* PBXContainerItemProxy */ = {
			isa = PBXContainerItemProxy;
			containerPortal = 21C8FD491E64910400BB65FF /* Project object */;
			proxyType = 1;
			remoteGlobalIDString = 21C8FD501E64910400BB65FF;
			remoteInfo = NoMoHuffPo;
		};
		21C8FD711E64910400BB65FF /* PBXContainerItemProxy */ = {
			isa = PBXContainerItemProxy;
			containerPortal = 21C8FD491E64910400BB65FF /* Project object */;
			proxyType = 1;
			remoteGlobalIDString = 21C8FD501E64910400BB65FF;
			remoteInfo = NoMoHuffPo;
		};
		21C8FD8D1E64913A00BB65FF /* PBXContainerItemProxy */ = {
			isa = PBXContainerItemProxy;
			containerPortal = 21C8FD491E64910400BB65FF /* Project object */;
			proxyType = 1;
			remoteGlobalIDString = 21C8FD851E64913A00BB65FF;
			remoteInfo = ContentBlocker;
		};
/* End PBXContainerItemProxy section */

/* Begin PBXCopyFilesBuildPhase section */
		21C8FD931E64913A00BB65FF /* Embed App Extensions */ = {
			isa = PBXCopyFilesBuildPhase;
			buildActionMask = 2147483647;
			dstPath = "";
			dstSubfolderSpec = 13;
			files = (
				21C8FD8F1E64913A00BB65FF /* ContentBlocker.appex in Embed App Extensions */,
			);
			name = "Embed App Extensions";
			runOnlyForDeploymentPostprocessing = 0;
		};
/* End PBXCopyFilesBuildPhase section */

/* Begin PBXFileReference section */
		21C8FD511E64910400BB65FF /* NoMoHuffPo.app */ = {isa = PBXFileReference; explicitFileType = wrapper.application; includeInIndex = 0; path = NoMoHuffPo.app; sourceTree = BUILT_PRODUCTS_DIR; };
		21C8FD541E64910400BB65FF /* AppDelegate.swift */ = {isa = PBXFileReference; lastKnownFileType = sourcecode.swift; path = AppDelegate.swift; sourceTree = "<group>"; };
		21C8FD561E64910400BB65FF /* ViewController.swift */ = {isa = PBXFileReference; lastKnownFileType = sourcecode.swift; path = ViewController.swift; sourceTree = "<group>"; };
		21C8FD591E64910400BB65FF /* Base */ = {isa = PBXFileReference; lastKnownFileType = file.storyboard; name = Base; path = Base.lproj/Main.storyboard; sourceTree = "<group>"; };
		21C8FD5B1E64910400BB65FF /* Assets.xcassets */ = {isa = PBXFileReference; lastKnownFileType = folder.assetcatalog; path = Assets.xcassets; sourceTree = "<group>"; };
		21C8FD5E1E64910400BB65FF /* Base */ = {isa = PBXFileReference; lastKnownFileType = file.storyboard; name = Base; path = Base.lproj/LaunchScreen.storyboard; sourceTree = "<group>"; };
		21C8FD601E64910400BB65FF /* Info.plist */ = {isa = PBXFileReference; lastKnownFileType = text.plist.xml; path = Info.plist; sourceTree = "<group>"; };
		21C8FD651E64910400BB65FF /* NoMoHuffPoTests.xctest */ = {isa = PBXFileReference; explicitFileType = wrapper.cfbundle; includeInIndex = 0; path = NoMoHuffPoTests.xctest; sourceTree = BUILT_PRODUCTS_DIR; };
		21C8FD691E64910400BB65FF /* NoMoHuffPoTests.swift */ = {isa = PBXFileReference; lastKnownFileType = sourcecode.swift; path = NoMoHuffPoTests.swift; sourceTree = "<group>"; };
		21C8FD6B1E64910400BB65FF /* Info.plist */ = {isa = PBXFileReference; lastKnownFileType = text.plist.xml; path = Info.plist; sourceTree = "<group>"; };
		21C8FD701E64910400BB65FF /* NoMoHuffPoUITests.xctest */ = {isa = PBXFileReference; explicitFileType = wrapper.cfbundle; includeInIndex = 0; path = NoMoHuffPoUITests.xctest; sourceTree = BUILT_PRODUCTS_DIR; };
		21C8FD741E64910400BB65FF /* NoMoHuffPoUITests.swift */ = {isa = PBXFileReference; lastKnownFileType = sourcecode.swift; path = NoMoHuffPoUITests.swift; sourceTree = "<group>"; };
		21C8FD761E64910400BB65FF /* Info.plist */ = {isa = PBXFileReference; lastKnownFileType = text.plist.xml; path = Info.plist; sourceTree = "<group>"; };
		21C8FD861E64913A00BB65FF /* ContentBlocker.appex */ = {isa = PBXFileReference; explicitFileType = "wrapper.app-extension"; includeInIndex = 0; path = ContentBlocker.appex; sourceTree = BUILT_PRODUCTS_DIR; };
		21C8FD881E64913A00BB65FF /* blockerList.json */ = {isa = PBXFileReference; lastKnownFileType = text.json; path = blockerList.json; sourceTree = "<group>"; };
		21C8FD8A1E64913A00BB65FF /* ContentBlockerRequestHandler.swift */ = {isa = PBXFileReference; lastKnownFileType = sourcecode.swift; path = ContentBlockerRequestHandler.swift; sourceTree = "<group>"; };
		21C8FD8C1E64913A00BB65FF /* Info.plist */ = {isa = PBXFileReference; lastKnownFileType = text.plist.xml; path = Info.plist; sourceTree = "<group>"; };
		21C8FD981E64C0DA00BB65FF /* SafariDesktopBlocker.appex */ = {isa = PBXFileReference; explicitFileType = "wrapper.app-extension"; includeInIndex = 0; path = SafariDesktopBlocker.appex; sourceTree = BUILT_PRODUCTS_DIR; };
		21C8FD9A1E64C0DA00BB65FF /* Cocoa.framework */ = {isa = PBXFileReference; lastKnownFileType = wrapper.framework; name = Cocoa.framework; path = Library/Frameworks/Cocoa.framework; sourceTree = DEVELOPER_DIR; };
		21C8FD9D1E64C0DA00BB65FF /* blockerList.json */ = {isa = PBXFileReference; lastKnownFileType = text.json; path = blockerList.json; sourceTree = "<group>"; };
		21C8FDA01E64C0DA00BB65FF /* SafariDesktopBlocker.entitlements */ = {isa = PBXFileReference; lastKnownFileType = text.plist.entitlements; path = SafariDesktopBlocker.entitlements; sourceTree = "<group>"; };
		21C8FDA11E64C0DA00BB65FF /* ContentBlockerRequestHandler.swift */ = {isa = PBXFileReference; lastKnownFileType = sourcecode.swift; path = ContentBlockerRequestHandler.swift; sourceTree = "<group>"; };
		21C8FDA31E64C0DA00BB65FF /* Info.plist */ = {isa = PBXFileReference; lastKnownFileType = text.plist.xml; path = Info.plist; sourceTree = "<group>"; };
/* End PBXFileReference section */

/* Begin PBXFrameworksBuildPhase section */
		21C8FD4E1E64910400BB65FF /* Frameworks */ = {
			isa = PBXFrameworksBuildPhase;
			buildActionMask = 2147483647;
			files = (
			);
			runOnlyForDeploymentPostprocessing = 0;
		};
		21C8FD621E64910400BB65FF /* Frameworks */ = {
			isa = PBXFrameworksBuildPhase;
			buildActionMask = 2147483647;
			files = (
			);
			runOnlyForDeploymentPostprocessing = 0;
		};
		21C8FD6D1E64910400BB65FF /* Frameworks */ = {
			isa = PBXFrameworksBuildPhase;
			buildActionMask = 2147483647;
			files = (
			);
			runOnlyForDeploymentPostprocessing = 0;
		};
		21C8FD831E64913A00BB65FF /* Frameworks */ = {
			isa = PBXFrameworksBuildPhase;
			buildActionMask = 2147483647;
			files = (
			);
			runOnlyForDeploymentPostprocessing = 0;
		};
		21C8FD951E64C0DA00BB65FF /* Frameworks */ = {
			isa = PBXFrameworksBuildPhase;
			buildActionMask = 2147483647;
			files = (
				21C8FD9B1E64C0DA00BB65FF /* Cocoa.framework in Frameworks */,
			);
			runOnlyForDeploymentPostprocessing = 0;
		};
/* End PBXFrameworksBuildPhase section */

/* Begin PBXGroup section */
		21C8FD481E64910400BB65FF = {
			isa = PBXGroup;
			children = (
				21C8FD531E64910400BB65FF /* NoMoHuffPo */,
				21C8FD681E64910400BB65FF /* NoMoHuffPoTests */,
				21C8FD731E64910400BB65FF /* NoMoHuffPoUITests */,
				21C8FD871E64913A00BB65FF /* ContentBlocker */,
				21C8FD9C1E64C0DA00BB65FF /* SafariDesktopBlocker */,
				21C8FD991E64C0DA00BB65FF /* Frameworks */,
				21C8FD521E64910400BB65FF /* Products */,
			);
			sourceTree = "<group>";
		};
		21C8FD521E64910400BB65FF /* Products */ = {
			isa = PBXGroup;
			children = (
				21C8FD511E64910400BB65FF /* NoMoHuffPo.app */,
				21C8FD651E64910400BB65FF /* NoMoHuffPoTests.xctest */,
				21C8FD701E64910400BB65FF /* NoMoHuffPoUITests.xctest */,
				21C8FD861E64913A00BB65FF /* ContentBlocker.appex */,
				21C8FD981E64C0DA00BB65FF /* SafariDesktopBlocker.appex */,
			);
			name = Products;
			sourceTree = "<group>";
		};
		21C8FD531E64910400BB65FF /* NoMoHuffPo */ = {
			isa = PBXGroup;
			children = (
				21C8FD541E64910400BB65FF /* AppDelegate.swift */,
				21C8FD561E64910400BB65FF /* ViewController.swift */,
				21C8FD581E64910400BB65FF /* Main.storyboard */,
				21C8FD5B1E64910400BB65FF /* Assets.xcassets */,
				21C8FD5D1E64910400BB65FF /* LaunchScreen.storyboard */,
				21C8FD601E64910400BB65FF /* Info.plist */,
			);
			path = NoMoHuffPo;
			sourceTree = "<group>";
		};
		21C8FD681E64910400BB65FF /* NoMoHuffPoTests */ = {
			isa = PBXGroup;
			children = (
				21C8FD691E64910400BB65FF /* NoMoHuffPoTests.swift */,
				21C8FD6B1E64910400BB65FF /* Info.plist */,
			);
			path = NoMoHuffPoTests;
			sourceTree = "<group>";
		};
		21C8FD731E64910400BB65FF /* NoMoHuffPoUITests */ = {
			isa = PBXGroup;
			children = (
				21C8FD741E64910400BB65FF /* NoMoHuffPoUITests.swift */,
				21C8FD761E64910400BB65FF /* Info.plist */,
			);
			path = NoMoHuffPoUITests;
			sourceTree = "<group>";
		};
		21C8FD871E64913A00BB65FF /* ContentBlocker */ = {
			isa = PBXGroup;
			children = (
				21C8FD881E64913A00BB65FF /* blockerList.json */,
				21C8FD8A1E64913A00BB65FF /* ContentBlockerRequestHandler.swift */,
				21C8FD8C1E64913A00BB65FF /* Info.plist */,
			);
			path = ContentBlocker;
			sourceTree = "<group>";
		};
		21C8FD991E64C0DA00BB65FF /* Frameworks */ = {
			isa = PBXGroup;
			children = (
				21C8FD9A1E64C0DA00BB65FF /* Cocoa.framework */,
			);
			name = Frameworks;
			sourceTree = "<group>";
		};
		21C8FD9C1E64C0DA00BB65FF /* SafariDesktopBlocker */ = {
			isa = PBXGroup;
			children = (
				21C8FD9D1E64C0DA00BB65FF /* blockerList.json */,
				21C8FDA11E64C0DA00BB65FF /* ContentBlockerRequestHandler.swift */,
				21C8FDA31E64C0DA00BB65FF /* Info.plist */,
				21C8FD9F1E64C0DA00BB65FF /* Supporting Files */,
			);
			path = SafariDesktopBlocker;
			sourceTree = "<group>";
		};
		21C8FD9F1E64C0DA00BB65FF /* Supporting Files */ = {
			isa = PBXGroup;
			children = (
				21C8FDA01E64C0DA00BB65FF /* SafariDesktopBlocker.entitlements */,
			);
			name = "Supporting Files";
			sourceTree = "<group>";
		};
/* End PBXGroup section */

/* Begin PBXNativeTarget section */
		21C8FD501E64910400BB65FF /* NoMoHuffPo */ = {
			isa = PBXNativeTarget;
			buildConfigurationList = 21C8FD791E64910400BB65FF /* Build configuration list for PBXNativeTarget "NoMoHuffPo" */;
			buildPhases = (
				21C8FD4D1E64910400BB65FF /* Sources */,
				21C8FD4E1E64910400BB65FF /* Frameworks */,
				21C8FD4F1E64910400BB65FF /* Resources */,
				21C8FD931E64913A00BB65FF /* Embed App Extensions */,
			);
			buildRules = (
			);
			dependencies = (
				21C8FD8E1E64913A00BB65FF /* PBXTargetDependency */,
			);
			name = NoMoHuffPo;
			productName = NoMoHuffPo;
			productReference = 21C8FD511E64910400BB65FF /* NoMoHuffPo.app */;
			productType = "com.apple.product-type.application";
		};
		21C8FD641E64910400BB65FF /* NoMoHuffPoTests */ = {
			isa = PBXNativeTarget;
			buildConfigurationList = 21C8FD7C1E64910400BB65FF /* Build configuration list for PBXNativeTarget "NoMoHuffPoTests" */;
			buildPhases = (
				21C8FD611E64910400BB65FF /* Sources */,
				21C8FD621E64910400BB65FF /* Frameworks */,
				21C8FD631E64910400BB65FF /* Resources */,
			);
			buildRules = (
			);
			dependencies = (
				21C8FD671E64910400BB65FF /* PBXTargetDependency */,
			);
			name = NoMoHuffPoTests;
			productName = NoMoHuffPoTests;
			productReference = 21C8FD651E64910400BB65FF /* NoMoHuffPoTests.xctest */;
			productType = "com.apple.product-type.bundle.unit-test";
		};
		21C8FD6F1E64910400BB65FF /* NoMoHuffPoUITests */ = {
			isa = PBXNativeTarget;
			buildConfigurationList = 21C8FD7F1E64910400BB65FF /* Build configuration list for PBXNativeTarget "NoMoHuffPoUITests" */;
			buildPhases = (
				21C8FD6C1E64910400BB65FF /* Sources */,
				21C8FD6D1E64910400BB65FF /* Frameworks */,
				21C8FD6E1E64910400BB65FF /* Resources */,
			);
			buildRules = (
			);
			dependencies = (
				21C8FD721E64910400BB65FF /* PBXTargetDependency */,
			);
			name = NoMoHuffPoUITests;
			productName = NoMoHuffPoUITests;
			productReference = 21C8FD701E64910400BB65FF /* NoMoHuffPoUITests.xctest */;
			productType = "com.apple.product-type.bundle.ui-testing";
		};
		21C8FD851E64913A00BB65FF /* ContentBlocker */ = {
			isa = PBXNativeTarget;
			buildConfigurationList = 21C8FD901E64913A00BB65FF /* Build configuration list for PBXNativeTarget "ContentBlocker" */;
			buildPhases = (
				21C8FD821E64913A00BB65FF /* Sources */,
				21C8FD831E64913A00BB65FF /* Frameworks */,
				21C8FD841E64913A00BB65FF /* Resources */,
			);
			buildRules = (
			);
			dependencies = (
			);
			name = ContentBlocker;
			productName = ContentBlocker;
			productReference = 21C8FD861E64913A00BB65FF /* ContentBlocker.appex */;
			productType = "com.apple.product-type.app-extension";
		};
		21C8FD971E64C0DA00BB65FF /* SafariDesktopBlocker */ = {
			isa = PBXNativeTarget;
			buildConfigurationList = 21C8FDA41E64C0DA00BB65FF /* Build configuration list for PBXNativeTarget "SafariDesktopBlocker" */;
			buildPhases = (
				21C8FD941E64C0DA00BB65FF /* Sources */,
				21C8FD951E64C0DA00BB65FF /* Frameworks */,
				21C8FD961E64C0DA00BB65FF /* Resources */,
			);
			buildRules = (
			);
			dependencies = (
			);
			name = SafariDesktopBlocker;
			productName = SafariDesktopBlocker;
			productReference = 21C8FD981E64C0DA00BB65FF /* SafariDesktopBlocker.appex */;
			productType = "com.apple.product-type.app-extension";
		};
/* End PBXNativeTarget section */

/* Begin PBXProject section */
		21C8FD491E64910400BB65FF /* Project object */ = {
			isa = PBXProject;
			attributes = {
				LastSwiftUpdateCheck = 0820;
				LastUpgradeCheck = 0820;
				ORGANIZATIONNAME = "Sonja Leaf";
				TargetAttributes = {
					21C8FD501E64910400BB65FF = {
						CreatedOnToolsVersion = 8.2.1;
						DevelopmentTeam = CNUVUW9XS7;
						ProvisioningStyle = Automatic;
					};
					21C8FD641E64910400BB65FF = {
						CreatedOnToolsVersion = 8.2.1;
						ProvisioningStyle = Automatic;
						TestTargetID = 21C8FD501E64910400BB65FF;
					};
					21C8FD6F1E64910400BB65FF = {
						CreatedOnToolsVersion = 8.2.1;
						ProvisioningStyle = Automatic;
						TestTargetID = 21C8FD501E64910400BB65FF;
					};
					21C8FD851E64913A00BB65FF = {
						CreatedOnToolsVersion = 8.2.1;
						DevelopmentTeam = CNUVUW9XS7;
						ProvisioningStyle = Automatic;
					};
					21C8FD971E64C0DA00BB65FF = {
						CreatedOnToolsVersion = 8.2.1;
						DevelopmentTeam = CNUVUW9XS7;
						ProvisioningStyle = Automatic;
					};
				};
			};
			buildConfigurationList = 21C8FD4C1E64910400BB65FF /* Build configuration list for PBXProject "NoMoHuffPo" */;
			compatibilityVersion = "Xcode 3.2";
			developmentRegion = English;
			hasScannedForEncodings = 0;
			knownRegions = (
				en,
				Base,
			);
			mainGroup = 21C8FD481E64910400BB65FF;
			productRefGroup = 21C8FD521E64910400BB65FF /* Products */;
			projectDirPath = "";
			projectRoot = "";
			targets = (
				21C8FD501E64910400BB65FF /* NoMoHuffPo */,
				21C8FD641E64910400BB65FF /* NoMoHuffPoTests */,
				21C8FD6F1E64910400BB65FF /* NoMoHuffPoUITests */,
				21C8FD851E64913A00BB65FF /* ContentBlocker */,
				21C8FD971E64C0DA00BB65FF /* SafariDesktopBlocker */,
			);
		};
/* End PBXProject section */

/* Begin PBXResourcesBuildPhase section */
		21C8FD4F1E64910400BB65FF /* Resources */ = {
			isa = PBXResourcesBuildPhase;
			buildActionMask = 2147483647;
			files = (
				21C8FD5F1E64910400BB65FF /* LaunchScreen.storyboard in Resources */,
				21C8FD5C1E64910400BB65FF /* Assets.xcassets in Resources */,
				21C8FD5A1E64910400BB65FF /* Main.storyboard in Resources */,
			);
			runOnlyForDeploymentPostprocessing = 0;
		};
		21C8FD631E64910400BB65FF /* Resources */ = {
			isa = PBXResourcesBuildPhase;
			buildActionMask = 2147483647;
			files = (
			);
			runOnlyForDeploymentPostprocessing = 0;
		};
		21C8FD6E1E64910400BB65FF /* Resources */ = {
			isa = PBXResourcesBuildPhase;
			buildActionMask = 2147483647;
			files = (
			);
			runOnlyForDeploymentPostprocessing = 0;
		};
		21C8FD841E64913A00BB65FF /* Resources */ = {
			isa = PBXResourcesBuildPhase;
			buildActionMask = 2147483647;
			files = (
				21C8FD891E64913A00BB65FF /* blockerList.json in Resources */,
			);
			runOnlyForDeploymentPostprocessing = 0;
		};
		21C8FD961E64C0DA00BB65FF /* Resources */ = {
			isa = PBXResourcesBuildPhase;
			buildActionMask = 2147483647;
			files = (
				21C8FD9E1E64C0DA00BB65FF /* blockerList.json in Resources */,
			);
			runOnlyForDeploymentPostprocessing = 0;
		};
/* End PBXResourcesBuildPhase section */

/* Begin PBXSourcesBuildPhase section */
		21C8FD4D1E64910400BB65FF /* Sources */ = {
			isa = PBXSourcesBuildPhase;
			buildActionMask = 2147483647;
			files = (
				21C8FD571E64910400BB65FF /* ViewController.swift in Sources */,
				21C8FD551E64910400BB65FF /* AppDelegate.swift in Sources */,
			);
			runOnlyForDeploymentPostprocessing = 0;
		};
		21C8FD611E64910400BB65FF /* Sources */ = {
			isa = PBXSourcesBuildPhase;
			buildActionMask = 2147483647;
			files = (
				21C8FD6A1E64910400BB65FF /* NoMoHuffPoTests.swift in Sources */,
			);
			runOnlyForDeploymentPostprocessing = 0;
		};
		21C8FD6C1E64910400BB65FF /* Sources */ = {
			isa = PBXSourcesBuildPhase;
			buildActionMask = 2147483647;
			files = (
				21C8FD751E64910400BB65FF /* NoMoHuffPoUITests.swift in Sources */,
			);
			runOnlyForDeploymentPostprocessing = 0;
		};
		21C8FD821E64913A00BB65FF /* Sources */ = {
			isa = PBXSourcesBuildPhase;
			buildActionMask = 2147483647;
			files = (
				21C8FD8B1E64913A00BB65FF /* ContentBlockerRequestHandler.swift in Sources */,
			);
			runOnlyForDeploymentPostprocessing = 0;
		};
		21C8FD941E64C0DA00BB65FF /* Sources */ = {
			isa = PBXSourcesBuildPhase;
			buildActionMask = 2147483647;
			files = (
				21C8FDA21E64C0DA00BB65FF /* ContentBlockerRequestHandler.swift in Sources */,
			);
			runOnlyForDeploymentPostprocessing = 0;
		};
/* End PBXSourcesBuildPhase section */

/* Begin PBXTargetDependency section */
		21C8FD671E64910400BB65FF /* PBXTargetDependency */ = {
			isa = PBXTargetDependency;
			target = 21C8FD501E64910400BB65FF /* NoMoHuffPo */;
			targetProxy = 21C8FD661E64910400BB65FF /* PBXContainerItemProxy */;
		};
		21C8FD721E64910400BB65FF /* PBXTargetDependency */ = {
			isa = PBXTargetDependency;
			target = 21C8FD501E64910400BB65FF /* NoMoHuffPo */;
			targetProxy = 21C8FD711E64910400BB65FF /* PBXContainerItemProxy */;
		};
		21C8FD8E1E64913A00BB65FF /* PBXTargetDependency */ = {
			isa = PBXTargetDependency;
			target = 21C8FD851E64913A00BB65FF /* ContentBlocker */;
			targetProxy = 21C8FD8D1E64913A00BB65FF /* PBXContainerItemProxy */;
		};
/* End PBXTargetDependency section */

/* Begin PBXVariantGroup section */
		21C8FD581E64910400BB65FF /* Main.storyboard */ = {
			isa = PBXVariantGroup;
			children = (
				21C8FD591E64910400BB65FF /* Base */,
			);
			name = Main.storyboard;
			sourceTree = "<group>";
		};
		21C8FD5D1E64910400BB65FF /* LaunchScreen.storyboard */ = {
			isa = PBXVariantGroup;
			children = (
				21C8FD5E1E64910400BB65FF /* Base */,
			);
			name = LaunchScreen.storyboard;
			sourceTree = "<group>";
		};
/* End PBXVariantGroup section */

/* Begin XCBuildConfiguration section */
		21C8FD771E64910400BB65FF /* Debug */ = {
			isa = XCBuildConfiguration;
			buildSettings = {
				ALWAYS_SEARCH_USER_PATHS = NO;
				CLANG_ANALYZER_NONNULL = YES;
				CLANG_CXX_LANGUAGE_STANDARD = "gnu++0x";
				CLANG_CXX_LIBRARY = "libc++";
				CLANG_ENABLE_MODULES = YES;
				CLANG_ENABLE_OBJC_ARC = YES;
				CLANG_WARN_BOOL_CONVERSION = YES;
				CLANG_WARN_CONSTANT_CONVERSION = YES;
				CLANG_WARN_DIRECT_OBJC_ISA_USAGE = YES_ERROR;
				CLANG_WARN_DOCUMENTATION_COMMENTS = YES;
				CLANG_WARN_EMPTY_BODY = YES;
				CLANG_WARN_ENUM_CONVERSION = YES;
				CLANG_WARN_INFINITE_RECURSION = YES;
				CLANG_WARN_INT_CONVERSION = YES;
				CLANG_WARN_OBJC_ROOT_CLASS = YES_ERROR;
				CLANG_WARN_SUSPICIOUS_MOVE = YES;
				CLANG_WARN_UNREACHABLE_CODE = YES;
				CLANG_WARN__DUPLICATE_METHOD_MATCH = YES;
				"CODE_SIGN_IDENTITY[sdk=iphoneos*]" = "iPhone Developer";
				COPY_PHASE_STRIP = NO;
				DEBUG_INFORMATION_FORMAT = dwarf;
				ENABLE_STRICT_OBJC_MSGSEND = YES;
				ENABLE_TESTABILITY = YES;
				GCC_C_LANGUAGE_STANDARD = gnu99;
				GCC_DYNAMIC_NO_PIC = NO;
				GCC_NO_COMMON_BLOCKS = YES;
				GCC_OPTIMIZATION_LEVEL = 0;
				GCC_PREPROCESSOR_DEFINITIONS = (
					"DEBUG=1",
					"$(inherited)",
				);
				GCC_WARN_64_TO_32_BIT_CONVERSION = YES;
				GCC_WARN_ABOUT_RETURN_TYPE = YES_ERROR;
				GCC_WARN_UNDECLARED_SELECTOR = YES;
				GCC_WARN_UNINITIALIZED_AUTOS = YES_AGGRESSIVE;
				GCC_WARN_UNUSED_FUNCTION = YES;
				GCC_WARN_UNUSED_VARIABLE = YES;
				IPHONEOS_DEPLOYMENT_TARGET = 10.2;
				MTL_ENABLE_DEBUG_INFO = YES;
				ONLY_ACTIVE_ARCH = YES;
				SDKROOT = iphoneos;
				SWIFT_ACTIVE_COMPILATION_CONDITIONS = DEBUG;
				SWIFT_OPTIMIZATION_LEVEL = "-Onone";
			};
			name = Debug;
		};
		21C8FD781E64910400BB65FF /* Release */ = {
			isa = XCBuildConfiguration;
			buildSettings = {
				ALWAYS_SEARCH_USER_PATHS = NO;
				CLANG_ANALYZER_NONNULL = YES;
				CLANG_CXX_LANGUAGE_STANDARD = "gnu++0x";
				CLANG_CXX_LIBRARY = "libc++";
				CLANG_ENABLE_MODULES = YES;
				CLANG_ENABLE_OBJC_ARC = YES;
				CLANG_WARN_BOOL_CONVERSION = YES;
				CLANG_WARN_CONSTANT_CONVERSION = YES;
				CLANG_WARN_DIRECT_OBJC_ISA_USAGE = YES_ERROR;
				CLANG_WARN_DOCUMENTATION_COMMENTS = YES;
				CLANG_WARN_EMPTY_BODY = YES;
				CLANG_WARN_ENUM_CONVERSION = YES;
				CLANG_WARN_INFINITE_RECURSION = YES;
				CLANG_WARN_INT_CONVERSION = YES;
				CLANG_WARN_OBJC_ROOT_CLASS = YES_ERROR;
				CLANG_WARN_SUSPICIOUS_MOVE = YES;
				CLANG_WARN_UNREACHABLE_CODE = YES;
				CLANG_WARN__DUPLICATE_METHOD_MATCH = YES;
				"CODE_SIGN_IDENTITY[sdk=iphoneos*]" = "iPhone Developer";
				COPY_PHASE_STRIP = NO;
				DEBUG_INFORMATION_FORMAT = "dwarf-with-dsym";
				ENABLE_NS_ASSERTIONS = NO;
				ENABLE_STRICT_OBJC_MSGSEND = YES;
				GCC_C_LANGUAGE_STANDARD = gnu99;
				GCC_NO_COMMON_BLOCKS = YES;
				GCC_WARN_64_TO_32_BIT_CONVERSION = YES;
				GCC_WARN_ABOUT_RETURN_TYPE = YES_ERROR;
				GCC_WARN_UNDECLARED_SELECTOR = YES;
				GCC_WARN_UNINITIALIZED_AUTOS = YES_AGGRESSIVE;
				GCC_WARN_UNUSED_FUNCTION = YES;
				GCC_WARN_UNUSED_VARIABLE = YES;
				IPHONEOS_DEPLOYMENT_TARGET = 10.2;
				MTL_ENABLE_DEBUG_INFO = NO;
				SDKROOT = iphoneos;
				SWIFT_OPTIMIZATION_LEVEL = "-Owholemodule";
				VALIDATE_PRODUCT = YES;
			};
			name = Release;
		};
		21C8FD7A1E64910400BB65FF /* Debug */ = {
			isa = XCBuildConfiguration;
			buildSettings = {
				ALWAYS_EMBED_SWIFT_STANDARD_LIBRARIES = YES;
				ASSETCATALOG_COMPILER_APPICON_NAME = AppIcon;
				DEVELOPMENT_TEAM = CNUVUW9XS7;
				INFOPLIST_FILE = NoMoHuffPo/Info.plist;
				LD_RUNPATH_SEARCH_PATHS = "$(inherited) @executable_path/Frameworks";
				PRODUCT_BUNDLE_IDENTIFIER = com.avleaf.NoMoHuffPo;
				PRODUCT_NAME = "$(TARGET_NAME)";
				SWIFT_VERSION = 3.0;
			};
			name = Debug;
		};
		21C8FD7B1E64910400BB65FF /* Release */ = {
			isa = XCBuildConfiguration;
			buildSettings = {
				ALWAYS_EMBED_SWIFT_STANDARD_LIBRARIES = YES;
				ASSETCATALOG_COMPILER_APPICON_NAME = AppIcon;
				DEVELOPMENT_TEAM = CNUVUW9XS7;
				INFOPLIST_FILE = NoMoHuffPo/Info.plist;
				LD_RUNPATH_SEARCH_PATHS = "$(inherited) @executable_path/Frameworks";
				PRODUCT_BUNDLE_IDENTIFIER = com.avleaf.NoMoHuffPo;
				PRODUCT_NAME = "$(TARGET_NAME)";
				SWIFT_VERSION = 3.0;
			};
			name = Release;
		};
		21C8FD7D1E64910400BB65FF /* Debug */ = {
			isa = XCBuildConfiguration;
			buildSettings = {
				ALWAYS_EMBED_SWIFT_STANDARD_LIBRARIES = YES;
				BUNDLE_LOADER = "$(TEST_HOST)";
				INFOPLIST_FILE = NoMoHuffPoTests/Info.plist;
				LD_RUNPATH_SEARCH_PATHS = "$(inherited) @executable_path/Frameworks @loader_path/Frameworks";
				PRODUCT_BUNDLE_IDENTIFIER = com.avleaf.NoMoHuffPoTests;
				PRODUCT_NAME = "$(TARGET_NAME)";
				SWIFT_VERSION = 3.0;
				TEST_HOST = "$(BUILT_PRODUCTS_DIR)/NoMoHuffPo.app/NoMoHuffPo";
			};
			name = Debug;
		};
		21C8FD7E1E64910400BB65FF /* Release */ = {
			isa = XCBuildConfiguration;
			buildSettings = {
				ALWAYS_EMBED_SWIFT_STANDARD_LIBRARIES = YES;
				BUNDLE_LOADER = "$(TEST_HOST)";
				INFOPLIST_FILE = NoMoHuffPoTests/Info.plist;
				LD_RUNPATH_SEARCH_PATHS = "$(inherited) @executable_path/Frameworks @loader_path/Frameworks";
				PRODUCT_BUNDLE_IDENTIFIER = com.avleaf.NoMoHuffPoTests;
				PRODUCT_NAME = "$(TARGET_NAME)";
				SWIFT_VERSION = 3.0;
				TEST_HOST = "$(BUILT_PRODUCTS_DIR)/NoMoHuffPo.app/NoMoHuffPo";
			};
			name = Release;
		};
		21C8FD801E64910400BB65FF /* Debug */ = {
			isa = XCBuildConfiguration;
			buildSettings = {
				ALWAYS_EMBED_SWIFT_STANDARD_LIBRARIES = YES;
				INFOPLIST_FILE = NoMoHuffPoUITests/Info.plist;
				LD_RUNPATH_SEARCH_PATHS = "$(inherited) @executable_path/Frameworks @loader_path/Frameworks";
				PRODUCT_BUNDLE_IDENTIFIER = com.avleaf.NoMoHuffPoUITests;
				PRODUCT_NAME = "$(TARGET_NAME)";
				SWIFT_VERSION = 3.0;
				TEST_TARGET_NAME = NoMoHuffPo;
			};
			name = Debug;
		};
		21C8FD811E64910400BB65FF /* Release */ = {
			isa = XCBuildConfiguration;
			buildSettings = {
				ALWAYS_EMBED_SWIFT_STANDARD_LIBRARIES = YES;
				INFOPLIST_FILE = NoMoHuffPoUITests/Info.plist;
				LD_RUNPATH_SEARCH_PATHS = "$(inherited) @executable_path/Frameworks @loader_path/Frameworks";
				PRODUCT_BUNDLE_IDENTIFIER = com.avleaf.NoMoHuffPoUITests;
				PRODUCT_NAME = "$(TARGET_NAME)";
				SWIFT_VERSION = 3.0;
				TEST_TARGET_NAME = NoMoHuffPo;
			};
			name = Release;
		};
		21C8FD911E64913A00BB65FF /* Debug */ = {
			isa = XCBuildConfiguration;
			buildSettings = {
				ARCHS = "$(ARCHS_STANDARD_64_BIT)";
				"CODE_SIGN_IDENTITY[sdk=iphoneos*]" = "iPhone Developer";
				DEVELOPMENT_TEAM = CNUVUW9XS7;
				INFOPLIST_FILE = ContentBlocker/Info.plist;
				LD_RUNPATH_SEARCH_PATHS = "$(inherited) @executable_path/Frameworks @executable_path/../../Frameworks";
				PRODUCT_BUNDLE_IDENTIFIER = com.avleaf.NoMoHuffPo.ContentBlocker;
				PRODUCT_NAME = "$(TARGET_NAME)";
				SKIP_INSTALL = YES;
				SWIFT_VERSION = 3.0;
			};
			name = Debug;
		};
		21C8FD921E64913A00BB65FF /* Release */ = {
			isa = XCBuildConfiguration;
			buildSettings = {
				ARCHS = "$(ARCHS_STANDARD_64_BIT)";
				"CODE_SIGN_IDENTITY[sdk=iphoneos*]" = "iPhone Developer";
				DEVELOPMENT_TEAM = CNUVUW9XS7;
				INFOPLIST_FILE = ContentBlocker/Info.plist;
				LD_RUNPATH_SEARCH_PATHS = "$(inherited) @executable_path/Frameworks @executable_path/../../Frameworks";
				PRODUCT_BUNDLE_IDENTIFIER = com.avleaf.NoMoHuffPo.ContentBlocker;
				PRODUCT_NAME = "$(TARGET_NAME)";
				SKIP_INSTALL = YES;
				SWIFT_VERSION = 3.0;
			};
			name = Release;
		};
		21C8FDA51E64C0DA00BB65FF /* Debug */ = {
			isa = XCBuildConfiguration;
			buildSettings = {
				CODE_SIGN_ENTITLEMENTS = SafariDesktopBlocker/SafariDesktopBlocker.entitlements;
				CODE_SIGN_IDENTITY = "-";
				DEVELOPMENT_TEAM = CNUVUW9XS7;
				INFOPLIST_FILE = SafariDesktopBlocker/Info.plist;
				LD_RUNPATH_SEARCH_PATHS = "$(inherited) @executable_path/../Frameworks @executable_path/../../../../Frameworks";
				MACOSX_DEPLOYMENT_TARGET = 10.12;
				PRODUCT_BUNDLE_IDENTIFIER = com.avleaf.SafariDesktopBlocker;
				PRODUCT_NAME = "$(TARGET_NAME)";
				SDKROOT = macosx;
				SKIP_INSTALL = YES;
				SWIFT_VERSION = 3.0;
			};
			name = Debug;
		};
		21C8FDA61E64C0DA00BB65FF /* Release */ = {
			isa = XCBuildConfiguration;
			buildSettings = {
				CODE_SIGN_ENTITLEMENTS = SafariDesktopBlocker/SafariDesktopBlocker.entitlements;
				CODE_SIGN_IDENTITY = "-";
				DEVELOPMENT_TEAM = CNUVUW9XS7;
				INFOPLIST_FILE = SafariDesktopBlocker/Info.plist;
				LD_RUNPATH_SEARCH_PATHS = "$(inherited) @executable_path/../Frameworks @executable_path/../../../../Frameworks";
				MACOSX_DEPLOYMENT_TARGET = 10.12;
				PRODUCT_BUNDLE_IDENTIFIER = com.avleaf.SafariDesktopBlocker;
				PRODUCT_NAME = "$(TARGET_NAME)";
				SDKROOT = macosx;
				SKIP_INSTALL = YES;
				SWIFT_VERSION = 3.0;
			};
			name = Release;
		};
/* End XCBuildConfiguration section */

/* Begin XCConfigurationList section */
		21C8FD4C1E64910400BB65FF /* Build configuration list for PBXProject "NoMoHuffPo" */ = {
			isa = XCConfigurationList;
			buildConfigurations = (
				21C8FD771E64910400BB65FF /* Debug */,
				21C8FD781E64910400BB65FF /* Release */,
			);
			defaultConfigurationIsVisible = 0;
			defaultConfigurationName = Release;
		};
		21C8FD791E64910400BB65FF /* Build configuration list for PBXNativeTarget "NoMoHuffPo" */ = {
			isa = XCConfigurationList;
			buildConfigurations = (
				21C8FD7A1E64910400BB65FF /* Debug */,
				21C8FD7B1E64910400BB65FF /* Release */,
			);
			defaultConfigurationIsVisible = 0;
		};
		21C8FD7C1E64910400BB65FF /* Build configuration list for PBXNativeTarget "NoMoHuffPoTests" */ = {
			isa = XCConfigurationList;
			buildConfigurations = (
				21C8FD7D1E64910400BB65FF /* Debug */,
				21C8FD7E1E64910400BB65FF /* Release */,
			);
			defaultConfigurationIsVisible = 0;
		};
		21C8FD7F1E64910400BB65FF /* Build configuration list for PBXNativeTarget "NoMoHuffPoUITests" */ = {
			isa = XCConfigurationList;
			buildConfigurations = (
				21C8FD801E64910400BB65FF /* Debug */,
				21C8FD811E64910400BB65FF /* Release */,
			);
			defaultConfigurationIsVisible = 0;
		};
		21C8FD901E64913A00BB65FF /* Build configuration list for PBXNativeTarget "ContentBlocker" */ = {
			isa = XCConfigurationList;
			buildConfigurations = (
				21C8FD911E64913A00BB65FF /* Debug */,
				21C8FD921E64913A00BB65FF /* Release */,
			);
			defaultConfigurationIsVisible = 0;
		};
		21C8FDA41E64C0DA00BB65FF /* Build configuration list for PBXNativeTarget "SafariDesktopBlocker" */ = {
			isa = XCConfigurationList;
			buildConfigurations = (
				21C8FDA51E64C0DA00BB65FF /* Debug */,
				21C8FDA61E64C0DA00BB65FF /* Release */,
			);
			defaultConfigurationIsVisible = 0;
		};
/* End XCConfigurationList section */
	};
	rootObject = 21C8FD491E64910400BB65FF /* Project object */;
}
